
Microsoft Visual Studio Solution File, Format Version 12.00
# Visual Studio Version 16
VisualStudioVersion = 16.0.29324.140
MinimumVisualStudioVersion = 10.0.40219.1
Project("{FAE04EC0-301F-11D3-BF4B-00C04F79EFBC}") = "SunburstChart_Sample.UWP", "SunburstChart_Sample\SunburstChart_Sample.UWP\SunburstChart_Sample.UWP.csproj", "{383E0A94-E003-4410-9D8E-B4B504214AFA}"
EndProject
Project("{FAE04EC0-301F-11D3-BF4B-00C04F79EFBC}") = "SunburstChart_Sample.Android", "SunburstChart_Sample\SunburstChart_Sample.Android\SunburstChart_Sample.Android.csproj", "{2CC5E9D2-BD91-4849-9435-B00C7E8BC71D}"
EndProject
Project("{FAE04EC0-301F-11D3-BF4B-00C04F79EFBC}") = "SunburstChart_Sample.iOS", "SunburstChart_Sample\SunburstChart_Sample.iOS\SunburstChart_Sample.iOS.csproj", "{7EB78EF6-A814-4E7B-A3F2-4AE0ECDDD26C}"
EndProject
Project("{FAE04EC0-301F-11D3-BF4B-00C04F79EFBC}") = "SunburstChart_Sample", "SunburstChart_Sample\SunburstChart_Sample\SunburstChart_Sample.csproj", "{2A18134F-1C0F-4BBF-AC67-049C0D0940F9}"
EndProject
Global
	GlobalSection(SolutionConfigurationPlatforms) = preSolution
		Debug|Any CPU = Debug|Any CPU
		Debug|ARM = Debug|ARM
		Debug|iPhone = Debug|iPhone
		Debug|iPhoneSimulator = Debug|iPhoneSimulator
		Debug|x64 = Debug|x64
		Debug|x86 = Debug|x86
		Release|Any CPU = Release|Any CPU
		Release|ARM = Release|ARM
		Release|iPhone = Release|iPhone
		Release|iPhoneSimulator = Release|iPhoneSimulator
		Release|x64 = Release|x64
		Release|x86 = Release|x86
	EndGlobalSection
	GlobalSection(ProjectConfigurationPlatforms) = postSolution
		{383E0A94-E003-4410-9D8E-B4B504214AFA}.Debug|Any CPU.ActiveCfg = Debug|x86
		{383E0A94-E003-4410-9D8E-B4B504214AFA}.Debug|Any CPU.Build.0 = Debug|x86
		{383E0A94-E003-4410-9D8E-B4B504214AFA}.Debug|Any CPU.Deploy.0 = Debug|x86
		{383E0A94-E003-4410-9D8E-B4B504214AFA}.Debug|ARM.ActiveCfg = Debug|ARM
		{383E0A94-E003-4410-9D8E-B4B504214AFA}.Debug|ARM.Build.0 = Debug|ARM
		{383E0A94-E003-4410-9D8E-B4B504214AFA}.Debug|ARM.Deploy.0 = Debug|ARM
		{383E0A94-E003-4410-9D8E-B4B504214AFA}.Debug|iPhone.ActiveCfg = Debug|x86
		{383E0A94-E003-4410-9D8E-B4B504214AFA}.Debug|iPhone.Build.0 = Debug|x86
		{383E0A94-E003-4410-9D8E-B4B504214AFA}.Debug|iPhone.Deploy.0 = Debug|x86
		{383E0A94-E003-4410-9D8E-B4B504214AFA}.Debug|iPhoneSimulator.ActiveCfg = Debug|x86
		{383E0A94-E003-4410-9D8E-B4B504214AFA}.Debug|iPhoneSimulator.Build.0 = Debug|x86
		{383E0A94-E003-4410-9D8E-B4B504214AFA}.Debug|iPhoneSimulator.Deploy.0 = Debug|x86
		{383E0A94-E003-4410-9D8E-B4B504214AFA}.Debug|x64.ActiveCfg = Debug|x64
		{383E0A94-E003-4410-9D8E-B4B504214AFA}.Debug|x64.Build.0 = Debug|x64
		{383E0A94-E003-4410-9D8E-B4B504214AFA}.Debug|x64.Deploy.0 = Debug|x64
		{383E0A94-E003-4410-9D8E-B4B504214AFA}.Debug|x86.ActiveCfg = Debug|x86
		{383E0A94-E003-4410-9D8E-B4B504214AFA}.Debug|x86.Build.0 = Debug|x86
		{383E0A94-E003-4410-9D8E-B4B504214AFA}.Debug|x86.Deploy.0 = Debug|x86
		{383E0A94-E003-4410-9D8E-B4B504214AFA}.Release|Any CPU.ActiveCfg = Release|x86
		{383E0A94-E003-4410-9D8E-B4B504214AFA}.Release|Any CPU.Build.0 = Release|x86
		{383E0A94-E003-4410-9D8E-B4B504214AFA}.Release|Any CPU.Deploy.0 = Release|x86
		{383E0A94-E003-4410-9D8E-B4B504214AFA}.Release|ARM.ActiveCfg = Release|ARM
		{383E0A94-E003-4410-9D8E-B4B504214AFA}.Release|ARM.Build.0 = Release|ARM
		{383E0A94-E003-4410-9D8E-B4B504214AFA}.Release|ARM.Deploy.0 = Release|ARM
		{383E0A94-E003-4410-9D8E-B4B504214AFA}.Release|iPhone.ActiveCfg = Release|x86
		{383E0A94-E003-4410-9D8E-B4B504214AFA}.Release|iPhone.Build.0 = Release|x86
		{383E0A94-E003-4410-9D8E-B4B504214AFA}.Release|iPhone.Deploy.0 = Release|x86
		{383E0A94-E003-4410-9D8E-B4B504214AFA}.Release|iPhoneSimulator.ActiveCfg = Release|x86
		{383E0A94-E003-4410-9D8E-B4B504214AFA}.Release|iPhoneSimulator.Build.0 = Release|x86
		{383E0A94-E003-4410-9D8E-B4B504214AFA}.Release|iPhoneSimulator.Deploy.0 = Release|x86
		{383E0A94-E003-4410-9D8E-B4B504214AFA}.Release|x64.ActiveCfg = Release|x64
		{383E0A94-E003-4410-9D8E-B4B504214AFA}.Release|x64.Build.0 = Release|x64
		{383E0A94-E003-4410-9D8E-B4B504214AFA}.Release|x64.Deploy.0 = Release|x64
		{383E0A94-E003-4410-9D8E-B4B504214AFA}.Release|x86.ActiveCfg = Release|x86
		{383E0A94-E003-4410-9D8E-B4B504214AFA}.Release|x86.Build.0 = Release|x86
		{383E0A94-E003-4410-9D8E-B4B504214AFA}.Release|x86.Deploy.0 = Release|x86
		{2CC5E9D2-BD91-4849-9435-B00C7E8BC71D}.Debug|Any CPU.ActiveCfg = Debug|Any CPU
		{2CC5E9D2-BD91-4849-9435-B00C7E8BC71D}.Debug|Any CPU.Build.0 = Debug|Any CPU
		{2CC5E9D2-BD91-4849-9435-B00C7E8BC71D}.Debug|Any CPU.Deploy.0 = Debug|Any CPU
		{2CC5E9D2-BD91-4849-9435-B00C7E8BC71D}.Debug|ARM.ActiveCfg = Debug|Any CPU
		{2CC5E9D2-BD91-4849-9435-B00C7E8BC71D}.Debug|ARM.Build.0 = Debug|Any CPU
		{2CC5E9D2-BD91-4849-9435-B00C7E8BC71D}.Debug|ARM.Deploy.0 = Debug|Any CPU
		{2CC5E9D2-BD91-4849-9435-B00C7E8BC71D}.Debug|iPhone.ActiveCfg = Debug|Any CPU
		{2CC5E9D2-BD91-4849-9435-B00C7E8BC71D}.Debug|iPhone.Build.0 = Debug|Any CPU
		{2CC5E9D2-BD91-4849-9435-B00C7E8BC71D}.Debug|iPhone.Deploy.0 = Debug|Any CPU
		{2CC5E9D2-BD91-4849-9435-B00C7E8BC71D}.Debug|iPhoneSimulator.ActiveCfg = Debug|Any CPU
		{2CC5E9D2-BD91-4849-9435-B00C7E8BC71D}.Debug|iPhoneSimulator.Build.0 = Debug|Any CPU
		{2CC5E9D2-BD91-4849-9435-B00C7E8BC71D}.Debug|iPhoneSimulator.Deploy.0 = Debug|Any CPU
		{2CC5E9D2-BD91-4849-9435-B00C7E8BC71D}.Debug|x64.ActiveCfg = Debug|Any CPU
		{2CC5E9D2-BD91-4849-9435-B00C7E8BC71D}.Debug|x64.Build.0 = Debug|Any CPU
		{2CC5E9D2-BD91-4849-9435-B00C7E8BC71D}.Debug|x64.Deploy.0 = Debug|Any CPU
		{2CC5E9D2-BD91-4849-9435-B00C7E8BC71D}.Debug|x86.ActiveCfg = Debug|Any CPU
		{2CC5E9D2-BD91-4849-9435-B00C7E8BC71D}.Debug|x86.Build.0 = Debug|Any CPU
		{2CC5E9D2-BD91-4849-9435-B00C7E8BC71D}.Debug|x86.Deploy.0 = Debug|Any CPU
		{2CC5E9D2-BD91-4849-9435-B00C7E8BC71D}.Release|Any CPU.ActiveCfg = Release|Any CPU
		{2CC5E9D2-BD91-4849-9435-B00C7E8BC71D}.Release|Any CPU.Build.0 = Release|Any CPU
		{2CC5E9D2-BD91-4849-9435-B00C7E8BC71D}.Release|Any CPU.Deploy.0 = Release|Any CPU
		{2CC5E9D2-BD91-4849-9435-B00C7E8BC71D}.Release|ARM.ActiveCfg = Release|Any CPU
		{2CC5E9D2-BD91-4849-9435-B00C7E8BC71D}.Release|ARM.Build.0 = Release|Any CPU
		{2CC5E9D2-BD91-4849-9435-B00C7E8BC71D}.Release|ARM.Deploy.0 = Release|Any CPU
		{2CC5E9D2-BD91-4849-9435-B00C7E8BC71D}.Release|iPhone.ActiveCfg = Release|Any CPU
		{2CC5E9D2-BD91-4849-9435-B00C7E8BC71D}.Release|iPhone.Build.0 = Release|Any CPU
		{2CC5E9D2-BD91-4849-9435-B00C7E8BC71D}.Release|iPhone.Deploy.0 = Release|Any CPU
		{2CC5E9D2-BD91-4849-9435-B00C7E8BC71D}.Release|iPhoneSimulator.ActiveCfg = Release|Any CPU
		{2CC5E9D2-BD91-4849-9435-B00C7E8BC71D}.Release|iPhoneSimulator.Build.0 = Release|Any CPU
		{2CC5E9D2-BD91-4849-9435-B00C7E8BC71D}.Release|iPhoneSimulator.Deploy.0 = Release|Any CPU
		{2CC5E9D2-BD91-4849-9435-B00C7E8BC71D}.Release|x64.ActiveCfg = Release|Any CPU
		{2CC5E9D2-BD91-4849-9435-B00C7E8BC71D}.Release|x64.Build.0 = Release|Any CPU
		{2CC5E9D2-BD91-4849-9435-B00C7E8BC71D}.Release|x64.Deploy.0 = Release|Any CPU
		{2CC5E9D2-BD91-4849-9435-B00C7E8BC71D}.Release|x86.ActiveCfg = Release|Any CPU
		{2CC5E9D2-BD91-4849-9435-B00C7E8BC71D}.Release|x86.Build.0 = Release|Any CPU
		{2CC5E9D2-BD91-4849-9435-B00C7E8BC71D}.Release|x86.Deploy.0 = Release|Any CPU
		{7EB78EF6-A814-4E7B-A3F2-4AE0ECDDD26C}.Debug|Any CPU.ActiveCfg = Debug|iPhone
		{7EB78EF6-A814-4E7B-A3F2-4AE0ECDDD26C}.Debug|Any CPU.Build.0 = Debug|iPhone
		{7EB78EF6-A814-4E7B-A3F2-4AE0ECDDD26C}.Debug|Any CPU.Deploy.0 = Debug|iPhone
		{7EB78EF6-A814-4E7B-A3F2-4AE0ECDDD26C}.Debug|ARM.ActiveCfg = Debug|iPhoneSimulator
		{7EB78EF6-A814-4E7B-A3F2-4AE0ECDDD26C}.Debug|ARM.Build.0 = Debug|iPhoneSimulator
		{7EB78EF6-A814-4E7B-A3F2-4AE0ECDDD26C}.Debug|ARM.Deploy.0 = Debug|iPhoneSimulator
		{7EB78EF6-A814-4E7B-A3F2-4AE0ECDDD26C}.Debug|iPhone.ActiveCfg = Debug|iPhone
		{7EB78EF6-A814-4E7B-A3F2-4AE0ECDDD26C}.Debug|iPhone.Build.0 = Debug|iPhone
		{7EB78EF6-A814-4E7B-A3F2-4AE0ECDDD26C}.Debug|iPhone.Deploy.0 = Debug|iPhone
		{7EB78EF6-A814-4E7B-A3F2-4AE0ECDDD26C}.Debug|iPhoneSimulator.ActiveCfg = Debug|iPhoneSimulator
		{7EB78EF6-A814-4E7B-A3F2-4AE0ECDDD26C}.Debug|iPhoneSimulator.Build.0 = Debug|iPhoneSimulator
		{7EB78EF6-A814-4E7B-A3F2-4AE0ECDDD26C}.Debug|iPhoneSimulator.Deploy.0 = Debug|iPhoneSimulator
		{7EB78EF6-A814-4E7B-A3F2-4AE0ECDDD26C}.Debug|x64.ActiveCfg = Debug|iPhone
		{7EB78EF6-A814-4E7B-A3F2-4AE0ECDDD26C}.Debug|x64.Build.0 = Debug|iPhone
		{7EB78EF6-A814-4E7B-A3F2-4AE0ECDDD26C}.Debug|x64.Deploy.0 = Debug|iPhone
		{7EB78EF6-A814-4E7B-A3F2-4AE0ECDDD26C}.Debug|x86.ActiveCfg = Debug|iPhone
		{7EB78EF6-A814-4E7B-A3F2-4AE0ECDDD26C}.Debug|x86.Build.0 = Debug|iPhone
		{7EB78EF6-A814-4E7B-A3F2-4AE0ECDDD26C}.Debug|x86.Deploy.0 = Debug|iPhone
		{7EB78EF6-A814-4E7B-A3F2-4AE0ECDDD26C}.Release|Any CPU.ActiveCfg = Release|iPhone
		{7EB78EF6-A814-4E7B-A3F2-4AE0ECDDD26C}.Release|Any CPU.Build.0 = Release|iPhone
		{7EB78EF6-A814-4E7B-A3F2-4AE0ECDDD26C}.Release|Any CPU.Deploy.0 = Release|iPhone
		{7EB78EF6-A814-4E7B-A3F2-4AE0ECDDD26C}.Release|ARM.ActiveCfg = Release|iPhone
		{7EB78EF6-A814-4E7B-A3F2-4AE0ECDDD26C}.Release|ARM.Build.0 = Release|iPhone
		{7EB78EF6-A814-4E7B-A3F2-4AE0ECDDD26C}.Release|ARM.Deploy.0 = Release|iPhone
		{7EB78EF6-A814-4E7B-A3F2-4AE0ECDDD26C}.Release|iPhone.ActiveCfg = Release|iPhone
		{7EB78EF6-A814-4E7B-A3F2-4AE0ECDDD26C}.Release|iPhone.Build.0 = Release|iPhone
		{7EB78EF6-A814-4E7B-A3F2-4AE0ECDDD26C}.Release|iPhone.Deploy.0 = Release|iPhone
		{7EB78EF6-A814-4E7B-A3F2-4AE0ECDDD26C}.Release|iPhoneSimulator.ActiveCfg = Release|iPhoneSimulator
		{7EB78EF6-A814-4E7B-A3F2-4AE0ECDDD26C}.Release|iPhoneSimulator.Build.0 = Release|iPhoneSimulator
		{7EB78EF6-A814-4E7B-A3F2-4AE0ECDDD26C}.Release|iPhoneSimulator.Deploy.0 = Release|iPhoneSimulator
		{7EB78EF6-A814-4E7B-A3F2-4AE0ECDDD26C}.Release|x64.ActiveCfg = Release|iPhone
		{7EB78EF6-A814-4E7B-A3F2-4AE0ECDDD26C}.Release|x64.Build.0 = Release|iPhone
		{7EB78EF6-A814-4E7B-A3F2-4AE0ECDDD26C}.Release|x64.Deploy.0 = Release|iPhone
		{7EB78EF6-A814-4E7B-A3F2-4AE0ECDDD26C}.Release|x86.ActiveCfg = Release|iPhone
		{7EB78EF6-A814-4E7B-A3F2-4AE0ECDDD26C}.Release|x86.Build.0 = Release|iPhone
		{7EB78EF6-A814-4E7B-A3F2-4AE0ECDDD26C}.Release|x86.Deploy.0 = Release|iPhone
		{2A18134F-1C0F-4BBF-AC67-049C0D0940F9}.Debug|Any CPU.ActiveCfg = Debug|Any CPU
		{2A18134F-1C0F-4BBF-AC67-049C0D0940F9}.Debug|Any CPU.Build.0 = Debug|Any CPU
		{2A18134F-1C0F-4BBF-AC67-049C0D0940F9}.Debug|Any CPU.Deploy.0 = Debug|Any CPU
		{2A18134F-1C0F-4BBF-AC67-049C0D0940F9}.Debug|ARM.ActiveCfg = Debug|Any CPU
		{2A18134F-1C0F-4BBF-AC67-049C0D0940F9}.Debug|ARM.Build.0 = Debug|Any CPU
		{2A18134F-1C0F-4BBF-AC67-049C0D0940F9}.Debug|ARM.Deploy.0 = Debug|Any CPU
		{2A18134F-1C0F-4BBF-AC67-049C0D0940F9}.Debug|iPhone.ActiveCfg = Debug|Any CPU
		{2A18134F-1C0F-4BBF-AC67-049C0D0940F9}.Debug|iPhone.Build.0 = Debug|Any CPU
		{2A18134F-1C0F-4BBF-AC67-049C0D0940F9}.Debug|iPhone.Deploy.0 = Debug|Any CPU
		{2A18134F-1C0F-4BBF-AC67-049C0D0940F9}.Debug|iPhoneSimulator.ActiveCfg = Debug|Any CPU
		{2A18134F-1C0F-4BBF-AC67-049C0D0940F9}.Debug|iPhoneSimulator.Build.0 = Debug|Any CPU
		{2A18134F-1C0F-4BBF-AC67-049C0D0940F9}.Debug|iPhoneSimulator.Deploy.0 = Debug|Any CPU
		{2A18134F-1C0F-4BBF-AC67-049C0D0940F9}.Debug|x64.ActiveCfg = Debug|Any CPU
		{2A18134F-1C0F-4BBF-AC67-049C0D0940F9}.Debug|x64.Build.0 = Debug|Any CPU
		{2A18134F-1C0F-4BBF-AC67-049C0D0940F9}.Debug|x64.Deploy.0 = Debug|Any CPU
		{2A18134F-1C0F-4BBF-AC67-049C0D0940F9}.Debug|x86.ActiveCfg = Debug|Any CPU
		{2A18134F-1C0F-4BBF-AC67-049C0D0940F9}.Debug|x86.Build.0 = Debug|Any CPU
		{2A18134F-1C0F-4BBF-AC67-049C0D0940F9}.Debug|x86.Deploy.0 = Debug|Any CPU
		{2A18134F-1C0F-4BBF-AC67-049C0D0940F9}.Release|Any CPU.ActiveCfg = Release|Any CPU
		{2A18134F-1C0F-4BBF-AC67-049C0D0940F9}.Release|Any CPU.Build.0 = Release|Any CPU
		{2A18134F-1C0F-4BBF-AC67-049C0D0940F9}.Release|Any CPU.Deploy.0 = Release|Any CPU
		{2A18134F-1C0F-4BBF-AC67-049C0D0940F9}.Release|ARM.ActiveCfg = Release|Any CPU
		{2A18134F-1C0F-4BBF-AC67-049C0D0940F9}.Release|ARM.Build.0 = Release|Any CPU
		{2A18134F-1C0F-4BBF-AC67-049C0D0940F9}.Release|ARM.Deploy.0 = Release|Any CPU
		{2A18134F-1C0F-4BBF-AC67-049C0D0940F9}.Release|iPhone.ActiveCfg = Release|Any CPU
		{2A18134F-1C0F-4BBF-AC67-049C0D0940F9}.Release|iPhone.Build.0 = Release|Any CPU
		{2A18134F-1C0F-4BBF-AC67-049C0D0940F9}.Release|iPhone.Deploy.0 = Release|Any CPU
		{2A18134F-1C0F-4BBF-AC67-049C0D0940F9}.Release|iPhoneSimulator.ActiveCfg = Release|Any CPU
		{2A18134F-1C0F-4BBF-AC67-049C0D0940F9}.Release|iPhoneSimulator.Build.0 = Release|Any CPU
		{2A18134F-1C0F-4BBF-AC67-049C0D0940F9}.Release|iPhoneSimulator.Deploy.0 = Release|Any CPU
		{2A18134F-1C0F-4BBF-AC67-049C0D0940F9}.Release|x64.ActiveCfg = Release|Any CPU
		{2A18134F-1C0F-4BBF-AC67-049C0D0940F9}.Release|x64.Build.0 = Release|Any CPU
		{2A18134F-1C0F-4BBF-AC67-049C0D0940F9}.Release|x64.Deploy.0 = Release|Any CPU
		{2A18134F-1C0F-4BBF-AC67-049C0D0940F9}.Release|x86.ActiveCfg = Release|Any CPU
		{2A18134F-1C0F-4BBF-AC67-049C0D0940F9}.Release|x86.Build.0 = Release|Any CPU
		{2A18134F-1C0F-4BBF-AC67-049C0D0940F9}.Release|x86.Deploy.0 = Release|Any CPU
	EndGlobalSection
	GlobalSection(SolutionProperties) = preSolution
		HideSolutionNode = FALSE
	EndGlobalSection
	GlobalSection(ExtensibilityGlobals) = postSolution
		SolutionGuid = {AD5EAC0F-746E-4274-9600-2E8684047062}
	EndGlobalSection
EndGlobal
